
Microsoft Visual Studio Solution File, Format Version 12.00
# Visual Studio Version 17
VisualStudioVersion = 17.13.35818.85 d17.13
MinimumVisualStudioVersion = 10.0.40219.1
Project("{FAE04EC0-301F-11D3-BF4B-00C04F79EFBC}") = "modul4_103022300149", "modul4_103022300149.csproj", "{14723B81-2588-4CFD-ABD9-2D88DF634684}"
EndProject
Global
	GlobalSection(SolutionConfigurationPlatforms) = preSolution
		Debug|Any CPU = Debug|Any CPU
		Release|Any CPU = Release|Any CPU
	EndGlobalSection
	GlobalSection(ProjectConfigurationPlatforms) = postSolution
		{14723B81-2588-4CFD-ABD9-2D88DF634684}.Debug|Any CPU.ActiveCfg = Debug|Any CPU
		{14723B81-2588-4CFD-ABD9-2D88DF634684}.Debug|Any CPU.Build.0 = Debug|Any CPU
		{14723B81-2588-4CFD-ABD9-2D88DF634684}.Release|Any CPU.ActiveCfg = Release|Any CPU
		{14723B81-2588-4CFD-ABD9-2D88DF634684}.Release|Any CPU.Build.0 = Release|Any CPU
	EndGlobalSection
	GlobalSection(SolutionProperties) = preSolution
		HideSolutionNode = FALSE
	EndGlobalSection
	GlobalSection(ExtensibilityGlobals) = postSolution
		SolutionGuid = {9BF4FB23-5500-4E95-83DD-A89F84AC24B2}
	EndGlobalSection
EndGlobal
